
Microsoft Visual Studio Solution File, Format Version 12.00
# Visual Studio Version 16
VisualStudioVersion = 16.0.31911.196
MinimumVisualStudioVersion = 10.0.40219.1
Project("{9A19103F-16F7-4668-BE54-9A1E7A4F7556}") = "volgaHack", "volgaHack\volgaHack.csproj", "{11E60EF0-5BB3-4FD7-A8B4-32E0F67E36C3}"
EndProject
Project("{FAE04EC0-301F-11D3-BF4B-00C04F79EFBC}") = "BLL", "BLL\BLL.csproj", "{FDEBF6D0-5357-4180-AB29-CE0363163F11}"
EndProject
Project("{FAE04EC0-301F-11D3-BF4B-00C04F79EFBC}") = "DAL", "DAL\DAL.csproj", "{342B09CD-CF2C-4632-96C4-CABEEAE3C027}"
EndProject
Global
	GlobalSection(SolutionConfigurationPlatforms) = preSolution
		Debug|Any CPU = Debug|Any CPU
		Release|Any CPU = Release|Any CPU
	EndGlobalSection
	GlobalSection(ProjectConfigurationPlatforms) = postSolution
		{11E60EF0-5BB3-4FD7-A8B4-32E0F67E36C3}.Debug|Any CPU.ActiveCfg = Debug|Any CPU
		{11E60EF0-5BB3-4FD7-A8B4-32E0F67E36C3}.Debug|Any CPU.Build.0 = Debug|Any CPU
		{11E60EF0-5BB3-4FD7-A8B4-32E0F67E36C3}.Release|Any CPU.ActiveCfg = Release|Any CPU
		{11E60EF0-5BB3-4FD7-A8B4-32E0F67E36C3}.Release|Any CPU.Build.0 = Release|Any CPU
		{FDEBF6D0-5357-4180-AB29-CE0363163F11}.Debug|Any CPU.ActiveCfg = Debug|Any CPU
		{FDEBF6D0-5357-4180-AB29-CE0363163F11}.Debug|Any CPU.Build.0 = Debug|Any CPU
		{FDEBF6D0-5357-4180-AB29-CE0363163F11}.Release|Any CPU.ActiveCfg = Release|Any CPU
		{FDEBF6D0-5357-4180-AB29-CE0363163F11}.Release|Any CPU.Build.0 = Release|Any CPU
		{342B09CD-CF2C-4632-96C4-CABEEAE3C027}.Debug|Any CPU.ActiveCfg = Debug|Any CPU
		{342B09CD-CF2C-4632-96C4-CABEEAE3C027}.Debug|Any CPU.Build.0 = Debug|Any CPU
		{342B09CD-CF2C-4632-96C4-CABEEAE3C027}.Release|Any CPU.ActiveCfg = Release|Any CPU
		{342B09CD-CF2C-4632-96C4-CABEEAE3C027}.Release|Any CPU.Build.0 = Release|Any CPU
	EndGlobalSection
	GlobalSection(SolutionProperties) = preSolution
		HideSolutionNode = FALSE
	EndGlobalSection
	GlobalSection(ExtensibilityGlobals) = postSolution
		SolutionGuid = {2D1C2A00-2CC1-46B0-9BAB-51665540A3B4}
	EndGlobalSection
EndGlobal
